
Microsoft Visual Studio Solution File, Format Version 12.00
# Visual Studio Version 17
VisualStudioVersion = 17.13.35825.156
MinimumVisualStudioVersion = 10.0.40219.1
Project("{FAE04EC0-301F-11D3-BF4B-00C04F79EFBC}") = "Tapir.Services.News.API", "src\Tapir.Services.News.API\Tapir.Services.News.API.csproj", "{4FB9AEBD-4BB7-4608-98CA-ACB258617012}"
EndProject
Project("{E53339B2-1760-4266-BCC7-CA923CBCF16C}") = "docker-compose", "docker-compose.dcproj", "{81DDED9D-158B-E303-5F62-77A2896D2A5A}"
EndProject
Project("{2150E333-8FDC-42A3-9474-1A3956D46DE8}") = "Source", "Source", "{02EA681E-C7D8-13C7-8484-4AC65E1B71E8}"
EndProject
Project("{2150E333-8FDC-42A3-9474-1A3956D46DE8}") = "Solution Items", "Solution Items", "{8EC462FD-D22E-90A8-E5CE-7E832BA40C5D}"
	ProjectSection(SolutionItems) = preProject
		.gitignore = .gitignore
		README.md = README.md
	EndProjectSection
EndProject
Project("{2150E333-8FDC-42A3-9474-1A3956D46DE8}") = "Services", "Services", "{FF808455-853D-4B75-937B-3ED33C2CA374}"
EndProject
Project("{2150E333-8FDC-42A3-9474-1A3956D46DE8}") = "News", "News", "{816255C8-FB2A-4BD9-9176-B391F4957BDC}"
EndProject
Project("{FAE04EC0-301F-11D3-BF4B-00C04F79EFBC}") = "Tapir.Services.News.Domain", "src\Tapir.Services.News.Domain\Tapir.Services.News.Domain.csproj", "{1DDB15C7-F7D1-4619-9B50-24E61FCDA25A}"
EndProject
Project("{2150E333-8FDC-42A3-9474-1A3956D46DE8}") = "Core", "Core", "{6774117C-9D3B-4BCB-B28F-6B8D8688ACC6}"
EndProject
Project("{FAE04EC0-301F-11D3-BF4B-00C04F79EFBC}") = "Tapir.Core", "src\Tapir.Core\Tapir.Core.csproj", "{B4CAA4CF-A6FA-4F9F-878D-AB48C3D7A36F}"
EndProject
Project("{FAE04EC0-301F-11D3-BF4B-00C04F79EFBC}") = "Tapir.Services.News.Application", "src\Tapir.Services.News.Application\Tapir.Services.News.Application.csproj", "{681C8F00-6344-4959-AF88-31D43D4A0593}"
EndProject
Project("{2150E333-8FDC-42A3-9474-1A3956D46DE8}") = "Providers", "Providers", "{F8A81F53-D6BE-489C-BCDB-11D62A804A91}"
EndProject
Project("{FAE04EC0-301F-11D3-BF4B-00C04F79EFBC}") = "Tapir.Providers.EventStore.MongoDB", "src\Tapir.Providers.EventStore.MongoDB\Tapir.Providers.EventStore.MongoDB.csproj", "{FBC17413-6220-4610-9869-A39B7404D1AD}"
EndProject
Project("{2150E333-8FDC-42A3-9474-1A3956D46DE8}") = "Scripts", "Scripts", "{82001A63-DCF6-40AA-8C9A-00EBB1153EC8}"
	ProjectSection(SolutionItems) = preProject
		scripts\mongo-init.js = scripts\mongo-init.js
		scripts\mongo-replica.js = scripts\mongo-replica.js
		scripts\postgresql-init.sh = scripts\postgresql-init.sh
	EndProjectSection
EndProject
Project("{FAE04EC0-301F-11D3-BF4B-00C04F79EFBC}") = "Tapir.Providers.Database.PostgreSQL", "src\Tapir.Providers.Database.PostgreSQL\Tapir.Providers.Database.PostgreSQL.csproj", "{2902D185-C2D9-4FE5-9829-256484CC4289}"
EndProject
Project("{FAE04EC0-301F-11D3-BF4B-00C04F79EFBC}") = "Tapir.Services.News.Infrastructure", "src\Tapir.Services.News.Infrastructure\Tapir.Services.News.Infrastructure.csproj", "{7ADE8B2F-1CCC-4724-A8A1-6CC5748CB8CF}"
EndProject
Project("{FAE04EC0-301F-11D3-BF4B-00C04F79EFBC}") = "Tapir.Providers.Scheduler.Quartz", "src\Tapir.Providers.Scheduler.Quartz\Tapir.Providers.Scheduler.Quartz.csproj", "{BA313774-3E4B-46E3-828B-44D95BAFD4C1}"
EndProject
Project("{2150E333-8FDC-42A3-9474-1A3956D46DE8}") = "Tests", "Tests", "{D6F40452-611E-45CC-AE31-CD62CA89D95F}"
EndProject
Project("{FAE04EC0-301F-11D3-BF4B-00C04F79EFBC}") = "Tapir.Services.News.Tests", "test\Tapir.Services.News.Tests\Tapir.Services.News.Tests.csproj", "{D01A66D4-051C-4062-9BB9-E546BF2A0094}"
EndProject
Project("{2150E333-8FDC-42A3-9474-1A3956D46DE8}") = ".github", ".github", "{028C8913-76D6-42CA-9401-0DE3D65226D4}"
EndProject
Project("{2150E333-8FDC-42A3-9474-1A3956D46DE8}") = "workflows", "workflows", "{23F88844-3E53-485B-9A26-04C961A4DC60}"
	ProjectSection(SolutionItems) = preProject
		.github\workflows\dotnet.yml = .github\workflows\dotnet.yml
	EndProjectSection
EndProject
Project("{FAE04EC0-301F-11D3-BF4B-00C04F79EFBC}") = "Tapir.Gateway", "src\Tapir.Gateway\Tapir.Gateway.csproj", "{6B3C38B3-4E9E-4602-AB6A-0CE023038E26}"
EndProject
Project("{2150E333-8FDC-42A3-9474-1A3956D46DE8}") = "Gateway", "Gateway", "{4CA453E2-E194-485F-806E-CFE6DE086AF0}"
EndProject
Project("{2150E333-8FDC-42A3-9474-1A3956D46DE8}") = "Identity", "Identity", "{CE13DE68-04C9-4312-AFDE-3AD3DB088003}"
EndProject
Project("{FAE04EC0-301F-11D3-BF4B-00C04F79EFBC}") = "Tapir.Identity.Application", "src\Tapir.Identity.Application\Tapir.Identity.Application.csproj", "{B394DA4E-9606-4303-87D1-45C4EB35E8C0}"
EndProject
Project("{FAE04EC0-301F-11D3-BF4B-00C04F79EFBC}") = "Tapir.Identity.Infrastructure", "src\Tapir.Identity.Infrastructure\Tapir.Identity.Infrastructure.csproj", "{4936B41C-E531-43B4-93B1-FAEE98783998}"
EndProject
Project("{FAE04EC0-301F-11D3-BF4B-00C04F79EFBC}") = "Tapir.Identity.API", "src\Tapir.Identity.API\Tapir.Identity.API.csproj", "{821201E7-6408-4D7B-AA51-34BE7565F570}"
EndProject
Project("{FAE04EC0-301F-11D3-BF4B-00C04F79EFBC}") = "Tapir.Providers.Mailing.MailKit", "src\Tapir.Providers.Mailing.MailKit\Tapir.Providers.Mailing.MailKit.csproj", "{D448DBAE-2E50-4023-A202-561139224D51}"
EndProject
Project("{2150E333-8FDC-42A3-9474-1A3956D46DE8}") = "Players", "Players", "{9A947378-FBAA-431C-97C6-78BEDB903701}"
EndProject
Project("{FAE04EC0-301F-11D3-BF4B-00C04F79EFBC}") = "Tapir.Services.Players.API", "src\Tapir.Services.Players.API\Tapir.Services.Players.API.csproj", "{D3951F0D-7F37-4197-9ABC-6127F02565C4}"
EndProject
Project("{FAE04EC0-301F-11D3-BF4B-00C04F79EFBC}") = "Tapir.Services.Players.Application", "src\Tapir.Services.Players.Application\Tapir.Services.Players.Application.csproj", "{FADA5C11-D577-4BA0-A387-10C93B2BE2A1}"
EndProject
Project("{FAE04EC0-301F-11D3-BF4B-00C04F79EFBC}") = "Tapir.Services.Players.Domain", "src\Tapir.Services.Players.Domain\Tapir.Services.Players.Domain.csproj", "{4498F5EC-B44B-4A10-A99D-2D1CC0570DED}"
EndProject
Project("{FAE04EC0-301F-11D3-BF4B-00C04F79EFBC}") = "Tapir.Services.Players.Infrastructure", "src\Tapir.Services.Players.Infrastructure\Tapir.Services.Players.Infrastructure.csproj", "{367ACFD2-5611-4E6F-A13E-DC27D37728A0}"
EndProject
Project("{FAE04EC0-301F-11D3-BF4B-00C04F79EFBC}") = "Tapir.Providers.MessageBus.RabbitMQ", "src\Tapir.Providers.MessageBus.RabbitMQ\Tapir.Providers.MessageBus.RabbitMQ.csproj", "{B1F4754A-1A13-40C1-BD72-683A93190590}"
EndProject
Project("{FAE04EC0-301F-11D3-BF4B-00C04F79EFBC}") = "Tapir.Services.Players.Tests", "test\Tapir.Services.Players.Tests\Tapir.Services.Players.Tests.csproj", "{55E311A8-4DE7-433F-B807-B3027D34648D}"
EndProject
Project("{2150E333-8FDC-42A3-9474-1A3956D46DE8}") = "Games", "Games", "{C7C8C690-E863-49CB-BA89-07181B5A29AF}"
EndProject
Project("{FAE04EC0-301F-11D3-BF4B-00C04F79EFBC}") = "Tapir.Services.Games.API", "src\Tapir.Services.Games.API\Tapir.Services.Games.API.csproj", "{D16A53F9-94C0-4423-8802-730A32C07CB3}"
EndProject
Project("{FAE04EC0-301F-11D3-BF4B-00C04F79EFBC}") = "Tapir.Services.Games.Application", "src\Tapir.Services.Games.Application\Tapir.Services.Games.Application.csproj", "{DDC815FF-6138-42E2-8D6B-29A1EFB602D4}"
EndProject
Project("{FAE04EC0-301F-11D3-BF4B-00C04F79EFBC}") = "Tapir.Services.Games.Domain", "src\Tapir.Services.Games.Domain\Tapir.Services.Games.Domain.csproj", "{E09DAA94-38BE-4E08-AA99-AEAFBD94CA12}"
EndProject
Project("{FAE04EC0-301F-11D3-BF4B-00C04F79EFBC}") = "Tapir.Services.Games.Infrastructure", "src\Tapir.Services.Games.Infrastructure\Tapir.Services.Games.Infrastructure.csproj", "{D06D0C0C-67CB-4BD2-AED2-58333CC7EAF3}"
EndProject
Project("{FAE04EC0-301F-11D3-BF4B-00C04F79EFBC}") = "Tapir.Services.Games.Tests", "test\Tapir.Services.Games.Tests\Tapir.Services.Games.Tests.csproj", "{65875CE5-F7FB-4C64-ACBA-D5750FC97E15}"
EndProject
Project("{FAE04EC0-301F-11D3-BF4B-00C04F79EFBC}") = "Tapir.Providers.Chess.PaxChess", "src\Tapir.Providers.Chess.PaxChess\Tapir.Providers.Chess.PaxChess.csproj", "{6D937C5A-79C6-472F-ADF3-F03199378AEA}"
EndProject
Global
	GlobalSection(SolutionConfigurationPlatforms) = preSolution
		Debug|Any CPU = Debug|Any CPU
		Release|Any CPU = Release|Any CPU
	EndGlobalSection
	GlobalSection(ProjectConfigurationPlatforms) = postSolution
		{4FB9AEBD-4BB7-4608-98CA-ACB258617012}.Debug|Any CPU.ActiveCfg = Debug|Any CPU
		{4FB9AEBD-4BB7-4608-98CA-ACB258617012}.Debug|Any CPU.Build.0 = Debug|Any CPU
		{4FB9AEBD-4BB7-4608-98CA-ACB258617012}.Release|Any CPU.ActiveCfg = Release|Any CPU
		{4FB9AEBD-4BB7-4608-98CA-ACB258617012}.Release|Any CPU.Build.0 = Release|Any CPU
		{81DDED9D-158B-E303-5F62-77A2896D2A5A}.Debug|Any CPU.ActiveCfg = Debug|Any CPU
		{81DDED9D-158B-E303-5F62-77A2896D2A5A}.Debug|Any CPU.Build.0 = Debug|Any CPU
		{81DDED9D-158B-E303-5F62-77A2896D2A5A}.Release|Any CPU.ActiveCfg = Release|Any CPU
		{81DDED9D-158B-E303-5F62-77A2896D2A5A}.Release|Any CPU.Build.0 = Release|Any CPU
		{1DDB15C7-F7D1-4619-9B50-24E61FCDA25A}.Debug|Any CPU.ActiveCfg = Debug|Any CPU
		{1DDB15C7-F7D1-4619-9B50-24E61FCDA25A}.Debug|Any CPU.Build.0 = Debug|Any CPU
		{1DDB15C7-F7D1-4619-9B50-24E61FCDA25A}.Release|Any CPU.ActiveCfg = Release|Any CPU
		{1DDB15C7-F7D1-4619-9B50-24E61FCDA25A}.Release|Any CPU.Build.0 = Release|Any CPU
		{B4CAA4CF-A6FA-4F9F-878D-AB48C3D7A36F}.Debug|Any CPU.ActiveCfg = Debug|Any CPU
		{B4CAA4CF-A6FA-4F9F-878D-AB48C3D7A36F}.Debug|Any CPU.Build.0 = Debug|Any CPU
		{B4CAA4CF-A6FA-4F9F-878D-AB48C3D7A36F}.Release|Any CPU.ActiveCfg = Release|Any CPU
		{B4CAA4CF-A6FA-4F9F-878D-AB48C3D7A36F}.Release|Any CPU.Build.0 = Release|Any CPU
		{681C8F00-6344-4959-AF88-31D43D4A0593}.Debug|Any CPU.ActiveCfg = Debug|Any CPU
		{681C8F00-6344-4959-AF88-31D43D4A0593}.Debug|Any CPU.Build.0 = Debug|Any CPU
		{681C8F00-6344-4959-AF88-31D43D4A0593}.Release|Any CPU.ActiveCfg = Release|Any CPU
		{681C8F00-6344-4959-AF88-31D43D4A0593}.Release|Any CPU.Build.0 = Release|Any CPU
		{FBC17413-6220-4610-9869-A39B7404D1AD}.Debug|Any CPU.ActiveCfg = Debug|Any CPU
		{FBC17413-6220-4610-9869-A39B7404D1AD}.Debug|Any CPU.Build.0 = Debug|Any CPU
		{FBC17413-6220-4610-9869-A39B7404D1AD}.Release|Any CPU.ActiveCfg = Release|Any CPU
		{FBC17413-6220-4610-9869-A39B7404D1AD}.Release|Any CPU.Build.0 = Release|Any CPU
		{2902D185-C2D9-4FE5-9829-256484CC4289}.Debug|Any CPU.ActiveCfg = Debug|Any CPU
		{2902D185-C2D9-4FE5-9829-256484CC4289}.Debug|Any CPU.Build.0 = Debug|Any CPU
		{2902D185-C2D9-4FE5-9829-256484CC4289}.Release|Any CPU.ActiveCfg = Release|Any CPU
		{2902D185-C2D9-4FE5-9829-256484CC4289}.Release|Any CPU.Build.0 = Release|Any CPU
		{7ADE8B2F-1CCC-4724-A8A1-6CC5748CB8CF}.Debug|Any CPU.ActiveCfg = Debug|Any CPU
		{7ADE8B2F-1CCC-4724-A8A1-6CC5748CB8CF}.Debug|Any CPU.Build.0 = Debug|Any CPU
		{7ADE8B2F-1CCC-4724-A8A1-6CC5748CB8CF}.Release|Any CPU.ActiveCfg = Release|Any CPU
		{7ADE8B2F-1CCC-4724-A8A1-6CC5748CB8CF}.Release|Any CPU.Build.0 = Release|Any CPU
		{BA313774-3E4B-46E3-828B-44D95BAFD4C1}.Debug|Any CPU.ActiveCfg = Debug|Any CPU
		{BA313774-3E4B-46E3-828B-44D95BAFD4C1}.Debug|Any CPU.Build.0 = Debug|Any CPU
		{BA313774-3E4B-46E3-828B-44D95BAFD4C1}.Release|Any CPU.ActiveCfg = Release|Any CPU
		{BA313774-3E4B-46E3-828B-44D95BAFD4C1}.Release|Any CPU.Build.0 = Release|Any CPU
		{D01A66D4-051C-4062-9BB9-E546BF2A0094}.Debug|Any CPU.ActiveCfg = Debug|Any CPU
		{D01A66D4-051C-4062-9BB9-E546BF2A0094}.Debug|Any CPU.Build.0 = Debug|Any CPU
		{D01A66D4-051C-4062-9BB9-E546BF2A0094}.Release|Any CPU.ActiveCfg = Release|Any CPU
		{D01A66D4-051C-4062-9BB9-E546BF2A0094}.Release|Any CPU.Build.0 = Release|Any CPU
		{6B3C38B3-4E9E-4602-AB6A-0CE023038E26}.Debug|Any CPU.ActiveCfg = Debug|Any CPU
		{6B3C38B3-4E9E-4602-AB6A-0CE023038E26}.Debug|Any CPU.Build.0 = Debug|Any CPU
		{6B3C38B3-4E9E-4602-AB6A-0CE023038E26}.Release|Any CPU.ActiveCfg = Release|Any CPU
		{6B3C38B3-4E9E-4602-AB6A-0CE023038E26}.Release|Any CPU.Build.0 = Release|Any CPU
		{B394DA4E-9606-4303-87D1-45C4EB35E8C0}.Debug|Any CPU.ActiveCfg = Debug|Any CPU
		{B394DA4E-9606-4303-87D1-45C4EB35E8C0}.Debug|Any CPU.Build.0 = Debug|Any CPU
		{B394DA4E-9606-4303-87D1-45C4EB35E8C0}.Release|Any CPU.ActiveCfg = Release|Any CPU
		{B394DA4E-9606-4303-87D1-45C4EB35E8C0}.Release|Any CPU.Build.0 = Release|Any CPU
		{4936B41C-E531-43B4-93B1-FAEE98783998}.Debug|Any CPU.ActiveCfg = Debug|Any CPU
		{4936B41C-E531-43B4-93B1-FAEE98783998}.Debug|Any CPU.Build.0 = Debug|Any CPU
		{4936B41C-E531-43B4-93B1-FAEE98783998}.Release|Any CPU.ActiveCfg = Release|Any CPU
		{4936B41C-E531-43B4-93B1-FAEE98783998}.Release|Any CPU.Build.0 = Release|Any CPU
		{821201E7-6408-4D7B-AA51-34BE7565F570}.Debug|Any CPU.ActiveCfg = Debug|Any CPU
		{821201E7-6408-4D7B-AA51-34BE7565F570}.Debug|Any CPU.Build.0 = Debug|Any CPU
		{821201E7-6408-4D7B-AA51-34BE7565F570}.Release|Any CPU.ActiveCfg = Release|Any CPU
		{821201E7-6408-4D7B-AA51-34BE7565F570}.Release|Any CPU.Build.0 = Release|Any CPU
		{D448DBAE-2E50-4023-A202-561139224D51}.Debug|Any CPU.ActiveCfg = Debug|Any CPU
		{D448DBAE-2E50-4023-A202-561139224D51}.Debug|Any CPU.Build.0 = Debug|Any CPU
		{D448DBAE-2E50-4023-A202-561139224D51}.Release|Any CPU.ActiveCfg = Release|Any CPU
		{D448DBAE-2E50-4023-A202-561139224D51}.Release|Any CPU.Build.0 = Release|Any CPU
		{D3951F0D-7F37-4197-9ABC-6127F02565C4}.Debug|Any CPU.ActiveCfg = Debug|Any CPU
		{D3951F0D-7F37-4197-9ABC-6127F02565C4}.Debug|Any CPU.Build.0 = Debug|Any CPU
		{D3951F0D-7F37-4197-9ABC-6127F02565C4}.Release|Any CPU.ActiveCfg = Release|Any CPU
		{D3951F0D-7F37-4197-9ABC-6127F02565C4}.Release|Any CPU.Build.0 = Release|Any CPU
		{FADA5C11-D577-4BA0-A387-10C93B2BE2A1}.Debug|Any CPU.ActiveCfg = Debug|Any CPU
		{FADA5C11-D577-4BA0-A387-10C93B2BE2A1}.Debug|Any CPU.Build.0 = Debug|Any CPU
		{FADA5C11-D577-4BA0-A387-10C93B2BE2A1}.Release|Any CPU.ActiveCfg = Release|Any CPU
		{FADA5C11-D577-4BA0-A387-10C93B2BE2A1}.Release|Any CPU.Build.0 = Release|Any CPU
		{4498F5EC-B44B-4A10-A99D-2D1CC0570DED}.Debug|Any CPU.ActiveCfg = Debug|Any CPU
		{4498F5EC-B44B-4A10-A99D-2D1CC0570DED}.Debug|Any CPU.Build.0 = Debug|Any CPU
		{4498F5EC-B44B-4A10-A99D-2D1CC0570DED}.Release|Any CPU.ActiveCfg = Release|Any CPU
		{4498F5EC-B44B-4A10-A99D-2D1CC0570DED}.Release|Any CPU.Build.0 = Release|Any CPU
		{367ACFD2-5611-4E6F-A13E-DC27D37728A0}.Debug|Any CPU.ActiveCfg = Debug|Any CPU
		{367ACFD2-5611-4E6F-A13E-DC27D37728A0}.Debug|Any CPU.Build.0 = Debug|Any CPU
		{367ACFD2-5611-4E6F-A13E-DC27D37728A0}.Release|Any CPU.ActiveCfg = Release|Any CPU
		{367ACFD2-5611-4E6F-A13E-DC27D37728A0}.Release|Any CPU.Build.0 = Release|Any CPU
		{B1F4754A-1A13-40C1-BD72-683A93190590}.Debug|Any CPU.ActiveCfg = Debug|Any CPU
		{B1F4754A-1A13-40C1-BD72-683A93190590}.Debug|Any CPU.Build.0 = Debug|Any CPU
		{B1F4754A-1A13-40C1-BD72-683A93190590}.Release|Any CPU.ActiveCfg = Release|Any CPU
		{B1F4754A-1A13-40C1-BD72-683A93190590}.Release|Any CPU.Build.0 = Release|Any CPU
		{55E311A8-4DE7-433F-B807-B3027D34648D}.Debug|Any CPU.ActiveCfg = Debug|Any CPU
		{55E311A8-4DE7-433F-B807-B3027D34648D}.Debug|Any CPU.Build.0 = Debug|Any CPU
		{55E311A8-4DE7-433F-B807-B3027D34648D}.Release|Any CPU.ActiveCfg = Release|Any CPU
		{55E311A8-4DE7-433F-B807-B3027D34648D}.Release|Any CPU.Build.0 = Release|Any CPU
		{D16A53F9-94C0-4423-8802-730A32C07CB3}.Debug|Any CPU.ActiveCfg = Debug|Any CPU
		{D16A53F9-94C0-4423-8802-730A32C07CB3}.Debug|Any CPU.Build.0 = Debug|Any CPU
		{D16A53F9-94C0-4423-8802-730A32C07CB3}.Release|Any CPU.ActiveCfg = Release|Any CPU
		{D16A53F9-94C0-4423-8802-730A32C07CB3}.Release|Any CPU.Build.0 = Release|Any CPU
		{DDC815FF-6138-42E2-8D6B-29A1EFB602D4}.Debug|Any CPU.ActiveCfg = Debug|Any CPU
		{DDC815FF-6138-42E2-8D6B-29A1EFB602D4}.Debug|Any CPU.Build.0 = Debug|Any CPU
		{DDC815FF-6138-42E2-8D6B-29A1EFB602D4}.Release|Any CPU.ActiveCfg = Release|Any CPU
		{DDC815FF-6138-42E2-8D6B-29A1EFB602D4}.Release|Any CPU.Build.0 = Release|Any CPU
		{E09DAA94-38BE-4E08-AA99-AEAFBD94CA12}.Debug|Any CPU.ActiveCfg = Debug|Any CPU
		{E09DAA94-38BE-4E08-AA99-AEAFBD94CA12}.Debug|Any CPU.Build.0 = Debug|Any CPU
		{E09DAA94-38BE-4E08-AA99-AEAFBD94CA12}.Release|Any CPU.ActiveCfg = Release|Any CPU
		{E09DAA94-38BE-4E08-AA99-AEAFBD94CA12}.Release|Any CPU.Build.0 = Release|Any CPU
		{D06D0C0C-67CB-4BD2-AED2-58333CC7EAF3}.Debug|Any CPU.ActiveCfg = Debug|Any CPU
		{D06D0C0C-67CB-4BD2-AED2-58333CC7EAF3}.Debug|Any CPU.Build.0 = Debug|Any CPU
		{D06D0C0C-67CB-4BD2-AED2-58333CC7EAF3}.Release|Any CPU.ActiveCfg = Release|Any CPU
		{D06D0C0C-67CB-4BD2-AED2-58333CC7EAF3}.Release|Any CPU.Build.0 = Release|Any CPU
		{65875CE5-F7FB-4C64-ACBA-D5750FC97E15}.Debug|Any CPU.ActiveCfg = Debug|Any CPU
		{65875CE5-F7FB-4C64-ACBA-D5750FC97E15}.Debug|Any CPU.Build.0 = Debug|Any CPU
		{65875CE5-F7FB-4C64-ACBA-D5750FC97E15}.Release|Any CPU.ActiveCfg = Release|Any CPU
		{65875CE5-F7FB-4C64-ACBA-D5750FC97E15}.Release|Any CPU.Build.0 = Release|Any CPU
		{6D937C5A-79C6-472F-ADF3-F03199378AEA}.Debug|Any CPU.ActiveCfg = Debug|Any CPU
		{6D937C5A-79C6-472F-ADF3-F03199378AEA}.Debug|Any CPU.Build.0 = Debug|Any CPU
		{6D937C5A-79C6-472F-ADF3-F03199378AEA}.Release|Any CPU.ActiveCfg = Release|Any CPU
		{6D937C5A-79C6-472F-ADF3-F03199378AEA}.Release|Any CPU.Build.0 = Release|Any CPU
	EndGlobalSection
	GlobalSection(SolutionProperties) = preSolution
		HideSolutionNode = FALSE
	EndGlobalSection
	GlobalSection(NestedProjects) = preSolution
		{4FB9AEBD-4BB7-4608-98CA-ACB258617012} = {816255C8-FB2A-4BD9-9176-B391F4957BDC}
		{81DDED9D-158B-E303-5F62-77A2896D2A5A} = {8EC462FD-D22E-90A8-E5CE-7E832BA40C5D}
		{FF808455-853D-4B75-937B-3ED33C2CA374} = {02EA681E-C7D8-13C7-8484-4AC65E1B71E8}
		{816255C8-FB2A-4BD9-9176-B391F4957BDC} = {FF808455-853D-4B75-937B-3ED33C2CA374}
		{1DDB15C7-F7D1-4619-9B50-24E61FCDA25A} = {816255C8-FB2A-4BD9-9176-B391F4957BDC}
		{6774117C-9D3B-4BCB-B28F-6B8D8688ACC6} = {02EA681E-C7D8-13C7-8484-4AC65E1B71E8}
		{B4CAA4CF-A6FA-4F9F-878D-AB48C3D7A36F} = {6774117C-9D3B-4BCB-B28F-6B8D8688ACC6}
		{681C8F00-6344-4959-AF88-31D43D4A0593} = {816255C8-FB2A-4BD9-9176-B391F4957BDC}
		{F8A81F53-D6BE-489C-BCDB-11D62A804A91} = {02EA681E-C7D8-13C7-8484-4AC65E1B71E8}
		{FBC17413-6220-4610-9869-A39B7404D1AD} = {F8A81F53-D6BE-489C-BCDB-11D62A804A91}
		{2902D185-C2D9-4FE5-9829-256484CC4289} = {F8A81F53-D6BE-489C-BCDB-11D62A804A91}
		{7ADE8B2F-1CCC-4724-A8A1-6CC5748CB8CF} = {816255C8-FB2A-4BD9-9176-B391F4957BDC}
		{BA313774-3E4B-46E3-828B-44D95BAFD4C1} = {F8A81F53-D6BE-489C-BCDB-11D62A804A91}
		{D01A66D4-051C-4062-9BB9-E546BF2A0094} = {D6F40452-611E-45CC-AE31-CD62CA89D95F}
		{028C8913-76D6-42CA-9401-0DE3D65226D4} = {8EC462FD-D22E-90A8-E5CE-7E832BA40C5D}
		{23F88844-3E53-485B-9A26-04C961A4DC60} = {028C8913-76D6-42CA-9401-0DE3D65226D4}
		{6B3C38B3-4E9E-4602-AB6A-0CE023038E26} = {4CA453E2-E194-485F-806E-CFE6DE086AF0}
		{4CA453E2-E194-485F-806E-CFE6DE086AF0} = {02EA681E-C7D8-13C7-8484-4AC65E1B71E8}
		{CE13DE68-04C9-4312-AFDE-3AD3DB088003} = {02EA681E-C7D8-13C7-8484-4AC65E1B71E8}
		{B394DA4E-9606-4303-87D1-45C4EB35E8C0} = {CE13DE68-04C9-4312-AFDE-3AD3DB088003}
		{4936B41C-E531-43B4-93B1-FAEE98783998} = {CE13DE68-04C9-4312-AFDE-3AD3DB088003}
		{821201E7-6408-4D7B-AA51-34BE7565F570} = {CE13DE68-04C9-4312-AFDE-3AD3DB088003}
		{D448DBAE-2E50-4023-A202-561139224D51} = {F8A81F53-D6BE-489C-BCDB-11D62A804A91}
		{9A947378-FBAA-431C-97C6-78BEDB903701} = {FF808455-853D-4B75-937B-3ED33C2CA374}
		{D3951F0D-7F37-4197-9ABC-6127F02565C4} = {9A947378-FBAA-431C-97C6-78BEDB903701}
		{FADA5C11-D577-4BA0-A387-10C93B2BE2A1} = {9A947378-FBAA-431C-97C6-78BEDB903701}
		{4498F5EC-B44B-4A10-A99D-2D1CC0570DED} = {9A947378-FBAA-431C-97C6-78BEDB903701}
		{367ACFD2-5611-4E6F-A13E-DC27D37728A0} = {9A947378-FBAA-431C-97C6-78BEDB903701}
		{B1F4754A-1A13-40C1-BD72-683A93190590} = {F8A81F53-D6BE-489C-BCDB-11D62A804A91}
		{55E311A8-4DE7-433F-B807-B3027D34648D} = {D6F40452-611E-45CC-AE31-CD62CA89D95F}
		{C7C8C690-E863-49CB-BA89-07181B5A29AF} = {FF808455-853D-4B75-937B-3ED33C2CA374}
		{D16A53F9-94C0-4423-8802-730A32C07CB3} = {C7C8C690-E863-49CB-BA89-07181B5A29AF}
		{DDC815FF-6138-42E2-8D6B-29A1EFB602D4} = {C7C8C690-E863-49CB-BA89-07181B5A29AF}
		{E09DAA94-38BE-4E08-AA99-AEAFBD94CA12} = {C7C8C690-E863-49CB-BA89-07181B5A29AF}
		{D06D0C0C-67CB-4BD2-AED2-58333CC7EAF3} = {C7C8C690-E863-49CB-BA89-07181B5A29AF}
		{65875CE5-F7FB-4C64-ACBA-D5750FC97E15} = {D6F40452-611E-45CC-AE31-CD62CA89D95F}
		{6D937C5A-79C6-472F-ADF3-F03199378AEA} = {F8A81F53-D6BE-489C-BCDB-11D62A804A91}
	EndGlobalSection
	GlobalSection(ExtensibilityGlobals) = postSolution
		SolutionGuid = {0CBFA5DE-DAE7-416F-BF01-40C96FA4551D}
	EndGlobalSection
EndGlobal
